// !$*UTF8*$!
{
	archiveVersion = 1;
	classes = {
	};
	objectVersion = 46;
	objects = {

/* Begin PBXBuildFile section */
		757A47411EC41796004BE2AD /* AppDelegate.swift in Sources */ = {isa = PBXBuildFile; fileRef = 757A47401EC41796004BE2AD /* AppDelegate.swift */; };
		757A47431EC41796004BE2AD /* ViewController.swift in Sources */ = {isa = PBXBuildFile; fileRef = 757A47421EC41796004BE2AD /* ViewController.swift */; };
		757A47461EC41797004BE2AD /* Main.storyboard in Resources */ = {isa = PBXBuildFile; fileRef = 757A47441EC41797004BE2AD /* Main.storyboard */; };
		757A47481EC41797004BE2AD /* Assets.xcassets in Resources */ = {isa = PBXBuildFile; fileRef = 757A47471EC41797004BE2AD /* Assets.xcassets */; };
		757A474B1EC41797004BE2AD /* LaunchScreen.storyboard in Resources */ = {isa = PBXBuildFile; fileRef = 757A47491EC41797004BE2AD /* LaunchScreen.storyboard */; };
		757A47561EC41799004BE2AD /* DemoPlist_ttbTests.swift in Sources */ = {isa = PBXBuildFile; fileRef = 757A47551EC41799004BE2AD /* DemoPlist_ttbTests.swift */; };
		757A47611EC41799004BE2AD /* DemoPlist_ttbUITests.swift in Sources */ = {isa = PBXBuildFile; fileRef = 757A47601EC41799004BE2AD /* DemoPlist_ttbUITests.swift */; };
		757A476F1EC418BD004BE2AD /* data.plist in Resources */ = {isa = PBXBuildFile; fileRef = 757A476E1EC418BC004BE2AD /* data.plist */; };
/* End PBXBuildFile section */

/* Begin PBXContainerItemProxy section */
		757A47521EC41798004BE2AD /* PBXContainerItemProxy */ = {
			isa = PBXContainerItemProxy;
			containerPortal = 757A47351EC41794004BE2AD /* Project object */;
			proxyType = 1;
			remoteGlobalIDString = 757A473C1EC41795004BE2AD;
			remoteInfo = DemoPlist_ttb;
		};
		757A475D1EC41799004BE2AD /* PBXContainerItemProxy */ = {
			isa = PBXContainerItemProxy;
			containerPortal = 757A47351EC41794004BE2AD /* Project object */;
			proxyType = 1;
			remoteGlobalIDString = 757A473C1EC41795004BE2AD;
			remoteInfo = DemoPlist_ttb;
		};
/* End PBXContainerItemProxy section */

/* Begin PBXFileReference section */
		757A473D1EC41796004BE2AD /* DemoPlist_ttb.app */ = {isa = PBXFileReference; explicitFileType = wrapper.application; includeInIndex = 0; path = DemoPlist_ttb.app; sourceTree = BUILT_PRODUCTS_DIR; };
		757A47401EC41796004BE2AD /* AppDelegate.swift */ = {isa = PBXFileReference; lastKnownFileType = sourcecode.swift; path = AppDelegate.swift; sourceTree = "<group>"; };
		757A47421EC41796004BE2AD /* ViewController.swift */ = {isa = PBXFileReference; lastKnownFileType = sourcecode.swift; path = ViewController.swift; sourceTree = "<group>"; };
		757A47451EC41797004BE2AD /* Base */ = {isa = PBXFileReference; lastKnownFileType = file.storyboard; name = Base; path = Base.lproj/Main.storyboard; sourceTree = "<group>"; };
		757A47471EC41797004BE2AD /* Assets.xcassets */ = {isa = PBXFileReference; lastKnownFileType = folder.assetcatalog; path = Assets.xcassets; sourceTree = "<group>"; };
		757A474A1EC41797004BE2AD /* Base */ = {isa = PBXFileReference; lastKnownFileType = file.storyboard; name = Base; path = Base.lproj/LaunchScreen.storyboard; sourceTree = "<group>"; };
		757A474C1EC41797004BE2AD /* Info.plist */ = {isa = PBXFileReference; lastKnownFileType = text.plist.xml; path = Info.plist; sourceTree = "<group>"; };
		757A47511EC41798004BE2AD /* DemoPlist_ttbTests.xctest */ = {isa = PBXFileReference; explicitFileType = wrapper.cfbundle; includeInIndex = 0; path = DemoPlist_ttbTests.xctest; sourceTree = BUILT_PRODUCTS_DIR; };
		757A47551EC41799004BE2AD /* DemoPlist_ttbTests.swift */ = {isa = PBXFileReference; lastKnownFileType = sourcecode.swift; path = DemoPlist_ttbTests.swift; sourceTree = "<group>"; };
		757A47571EC41799004BE2AD /* Info.plist */ = {isa = PBXFileReference; lastKnownFileType = text.plist.xml; path = Info.plist; sourceTree = "<group>"; };
		757A475C1EC41799004BE2AD /* DemoPlist_ttbUITests.xctest */ = {isa = PBXFileReference; explicitFileType = wrapper.cfbundle; includeInIndex = 0; path = DemoPlist_ttbUITests.xctest; sourceTree = BUILT_PRODUCTS_DIR; };
		757A47601EC41799004BE2AD /* DemoPlist_ttbUITests.swift */ = {isa = PBXFileReference; lastKnownFileType = sourcecode.swift; path = DemoPlist_ttbUITests.swift; sourceTree = "<group>"; };
		757A47621EC41799004BE2AD /* Info.plist */ = {isa = PBXFileReference; lastKnownFileType = text.plist.xml; path = Info.plist; sourceTree = "<group>"; };
		757A476E1EC418BC004BE2AD /* data.plist */ = {isa = PBXFileReference; fileEncoding = 4; lastKnownFileType = text.plist.xml; path = data.plist; sourceTree = "<group>"; };
/* End PBXFileReference section */

/* Begin PBXFrameworksBuildPhase section */
		757A473A1EC41795004BE2AD /* Frameworks */ = {
			isa = PBXFrameworksBuildPhase;
			buildActionMask = 2147483647;
			files = (
			);
			runOnlyForDeploymentPostprocessing = 0;
		};
		757A474E1EC41798004BE2AD /* Frameworks */ = {
			isa = PBXFrameworksBuildPhase;
			buildActionMask = 2147483647;
			files = (
			);
			runOnlyForDeploymentPostprocessing = 0;
		};
		757A47591EC41799004BE2AD /* Frameworks */ = {
			isa = PBXFrameworksBuildPhase;
			buildActionMask = 2147483647;
			files = (
			);
			runOnlyForDeploymentPostprocessing = 0;
		};
/* End PBXFrameworksBuildPhase section */

/* Begin PBXGroup section */
		757A47341EC41794004BE2AD = {
			isa = PBXGroup;
			children = (
				757A473F1EC41796004BE2AD /* DemoPlist_ttb */,
				757A47541EC41798004BE2AD /* DemoPlist_ttbTests */,
				757A475F1EC41799004BE2AD /* DemoPlist_ttbUITests */,
				757A473E1EC41796004BE2AD /* Products */,
			);
			sourceTree = "<group>";
		};
		757A473E1EC41796004BE2AD /* Products */ = {
			isa = PBXGroup;
			children = (
				757A473D1EC41796004BE2AD /* DemoPlist_ttb.app */,
				757A47511EC41798004BE2AD /* DemoPlist_ttbTests.xctest */,
				757A475C1EC41799004BE2AD /* DemoPlist_ttbUITests.xctest */,
			);
			name = Products;
			sourceTree = "<group>";
		};
		757A473F1EC41796004BE2AD /* DemoPlist_ttb */ = {
			isa = PBXGroup;
			children = (
				757A47401EC41796004BE2AD /* AppDelegate.swift */,
				757A47421EC41796004BE2AD /* ViewController.swift */,
				757A47441EC41797004BE2AD /* Main.storyboard */,
				757A47471EC41797004BE2AD /* Assets.xcassets */,
				757A47491EC41797004BE2AD /* LaunchScreen.storyboard */,
				757A474C1EC41797004BE2AD /* Info.plist */,
				757A476E1EC418BC004BE2AD /* data.plist */,
			);
			path = DemoPlist_ttb;
			sourceTree = "<group>";
		};
		757A47541EC41798004BE2AD /* DemoPlist_ttbTests */ = {
			isa = PBXGroup;
			children = (
				757A47551EC41799004BE2AD /* DemoPlist_ttbTests.swift */,
				757A47571EC41799004BE2AD /* Info.plist */,
			);
			path = DemoPlist_ttbTests;
			sourceTree = "<group>";
		};
		757A475F1EC41799004BE2AD /* DemoPlist_ttbUITests */ = {
			isa = PBXGroup;
			children = (
				757A47601EC41799004BE2AD /* DemoPlist_ttbUITests.swift */,
				757A47621EC41799004BE2AD /* Info.plist */,
			);
			path = DemoPlist_ttbUITests;
			sourceTree = "<group>";
		};
/* End PBXGroup section */

/* Begin PBXNativeTarget section */
		757A473C1EC41795004BE2AD /* DemoPlist_ttb */ = {
			isa = PBXNativeTarget;
			buildConfigurationList = 757A47651EC41799004BE2AD /* Build configuration list for PBXNativeTarget "DemoPlist_ttb" */;
			buildPhases = (
				757A47391EC41795004BE2AD /* Sources */,
				757A473A1EC41795004BE2AD /* Frameworks */,
				757A473B1EC41795004BE2AD /* Resources */,
			);
			buildRules = (
			);
			dependencies = (
			);
			name = DemoPlist_ttb;
			productName = DemoPlist_ttb;
			productReference = 757A473D1EC41796004BE2AD /* DemoPlist_ttb.app */;
			productType = "com.apple.product-type.application";
		};
		757A47501EC41798004BE2AD /* DemoPlist_ttbTests */ = {
			isa = PBXNativeTarget;
			buildConfigurationList = 757A47681EC41799004BE2AD /* Build configuration list for PBXNativeTarget "DemoPlist_ttbTests" */;
			buildPhases = (
				757A474D1EC41798004BE2AD /* Sources */,
				757A474E1EC41798004BE2AD /* Frameworks */,
				757A474F1EC41798004BE2AD /* Resources */,
			);
			buildRules = (
			);
			dependencies = (
				757A47531EC41798004BE2AD /* PBXTargetDependency */,
			);
			name = DemoPlist_ttbTests;
			productName = DemoPlist_ttbTests;
			productReference = 757A47511EC41798004BE2AD /* DemoPlist_ttbTests.xctest */;
			productType = "com.apple.product-type.bundle.unit-test";
		};
		757A475B1EC41799004BE2AD /* DemoPlist_ttbUITests */ = {
			isa = PBXNativeTarget;
			buildConfigurationList = 757A476B1EC41799004BE2AD /* Build configuration list for PBXNativeTarget "DemoPlist_ttbUITests" */;
			buildPhases = (
				757A47581EC41799004BE2AD /* Sources */,
				757A47591EC41799004BE2AD /* Frameworks */,
				757A475A1EC41799004BE2AD /* Resources */,
			);
			buildRules = (
			);
			dependencies = (
				757A475E1EC41799004BE2AD /* PBXTargetDependency */,
			);
			name = DemoPlist_ttbUITests;
			productName = DemoPlist_ttbUITests;
			productReference = 757A475C1EC41799004BE2AD /* DemoPlist_ttbUITests.xctest */;
			productType = "com.apple.product-type.bundle.ui-testing";
		};
/* End PBXNativeTarget section */

/* Begin PBXProject section */
		757A47351EC41794004BE2AD /* Project object */ = {
			isa = PBXProject;
			attributes = {
				LastSwiftUpdateCheck = 0830;
				LastUpgradeCheck = 0830;
				ORGANIZATIONNAME = TTB;
				TargetAttributes = {
					757A473C1EC41795004BE2AD = {
						CreatedOnToolsVersion = 8.3.2;
						ProvisioningStyle = Automatic;
					};
					757A47501EC41798004BE2AD = {
						CreatedOnToolsVersion = 8.3.2;
						ProvisioningStyle = Automatic;
						TestTargetID = 757A473C1EC41795004BE2AD;
					};
					757A475B1EC41799004BE2AD = {
						CreatedOnToolsVersion = 8.3.2;
						ProvisioningStyle = Automatic;
						TestTargetID = 757A473C1EC41795004BE2AD;
					};
				};
			};
			buildConfigurationList = 757A47381EC41795004BE2AD /* Build configuration list for PBXProject "DemoPlist_ttb" */;
			compatibilityVersion = "Xcode 3.2";
			developmentRegion = English;
			hasScannedForEncodings = 0;
			knownRegions = (
				en,
				Base,
			);
			mainGroup = 757A47341EC41794004BE2AD;
			productRefGroup = 757A473E1EC41796004BE2AD /* Products */;
			projectDirPath = "";
			projectRoot = "";
			targets = (
				757A473C1EC41795004BE2AD /* DemoPlist_ttb */,
				757A47501EC41798004BE2AD /* DemoPlist_ttbTests */,
				757A475B1EC41799004BE2AD /* DemoPlist_ttbUITests */,
			);
		};
/* End PBXProject section */

/* Begin PBXResourcesBuildPhase section */
		757A473B1EC41795004BE2AD /* Resources */ = {
			isa = PBXResourcesBuildPhase;
			buildActionMask = 2147483647;
			files = (
				757A474B1EC41797004BE2AD /* LaunchScreen.storyboard in Resources */,
				757A47481EC41797004BE2AD /* Assets.xcassets in Resources */,
				757A476F1EC418BD004BE2AD /* data.plist in Resources */,
				757A47461EC41797004BE2AD /* Main.storyboard in Resources */,
			);
			runOnlyForDeploymentPostprocessing = 0;
		};
		757A474F1EC41798004BE2AD /* Resources */ = {
			isa = PBXResourcesBuildPhase;
			buildActionMask = 2147483647;
			files = (
			);
			runOnlyForDeploymentPostprocessing = 0;
		};
		757A475A1EC41799004BE2AD /* Resources */ = {
			isa = PBXResourcesBuildPhase;
			buildActionMask = 2147483647;
			files = (
			);
			runOnlyForDeploymentPostprocessing = 0;
		};
/* End PBXResourcesBuildPhase section */

/* Begin PBXSourcesBuildPhase section */
		757A47391EC41795004BE2AD /* Sources */ = {
			isa = PBXSourcesBuildPhase;
			buildActionMask = 2147483647;
			files = (
				757A47431EC41796004BE2AD /* ViewController.swift in Sources */,
				757A47411EC41796004BE2AD /* AppDelegate.swift in Sources */,
			);
			runOnlyForDeploymentPostprocessing = 0;
		};
		757A474D1EC41798004BE2AD /* Sources */ = {
			isa = PBXSourcesBuildPhase;
			buildActionMask = 2147483647;
			files = (
				757A47561EC41799004BE2AD /* DemoPlist_ttbTests.swift in Sources */,
			);
			runOnlyForDeploymentPostprocessing = 0;
		};
		757A47581EC41799004BE2AD /* Sources */ = {
			isa = PBXSourcesBuildPhase;
			buildActionMask = 2147483647;
			files = (
				757A47611EC41799004BE2AD /* DemoPlist_ttbUITests.swift in Sources */,
			);
			runOnlyForDeploymentPostprocessing = 0;
		};
/* End PBXSourcesBuildPhase section */

/* Begin PBXTargetDependency section */
		757A47531EC41798004BE2AD /* PBXTargetDependency */ = {
			isa = PBXTargetDependency;
			target = 757A473C1EC41795004BE2AD /* DemoPlist_ttb */;
			targetProxy = 757A47521EC41798004BE2AD /* PBXContainerItemProxy */;
		};
		757A475E1EC41799004BE2AD /* PBXTargetDependency */ = {
			isa = PBXTargetDependency;
			target = 757A473C1EC41795004BE2AD /* DemoPlist_ttb */;
			targetProxy = 757A475D1EC41799004BE2AD /* PBXContainerItemProxy */;
		};
/* End PBXTargetDependency section */

/* Begin PBXVariantGroup section */
		757A47441EC41797004BE2AD /* Main.storyboard */ = {
			isa = PBXVariantGroup;
			children = (
				757A47451EC41797004BE2AD /* Base */,
			);
			name = Main.storyboard;
			sourceTree = "<group>";
		};
		757A47491EC41797004BE2AD /* LaunchScreen.storyboard */ = {
			isa = PBXVariantGroup;
			children = (
				757A474A1EC41797004BE2AD /* Base */,
			);
			name = LaunchScreen.storyboard;
			sourceTree = "<group>";
		};
/* End PBXVariantGroup section */

/* Begin XCBuildConfiguration section */
		757A47631EC41799004BE2AD /* Debug */ = {
			isa = XCBuildConfiguration;
			buildSettings = {
				ALWAYS_SEARCH_USER_PATHS = NO;
				CLANG_ANALYZER_NONNULL = YES;
				CLANG_ANALYZER_NUMBER_OBJECT_CONVERSION = YES_AGGRESSIVE;
				CLANG_CXX_LANGUAGE_STANDARD = "gnu++0x";
				CLANG_CXX_LIBRARY = "libc++";
				CLANG_ENABLE_MODULES = YES;
				CLANG_ENABLE_OBJC_ARC = YES;
				CLANG_WARN_BOOL_CONVERSION = YES;
				CLANG_WARN_CONSTANT_CONVERSION = YES;
				CLANG_WARN_DIRECT_OBJC_ISA_USAGE = YES_ERROR;
				CLANG_WARN_DOCUMENTATION_COMMENTS = YES;
				CLANG_WARN_EMPTY_BODY = YES;
				CLANG_WARN_ENUM_CONVERSION = YES;
				CLANG_WARN_INFINITE_RECURSION = YES;
				CLANG_WARN_INT_CONVERSION = YES;
				CLANG_WARN_OBJC_ROOT_CLASS = YES_ERROR;
				CLANG_WARN_SUSPICIOUS_MOVE = YES;
				CLANG_WARN_UNREACHABLE_CODE = YES;
				CLANG_WARN__DUPLICATE_METHOD_MATCH = YES;
				"CODE_SIGN_IDENTITY[sdk=iphoneos*]" = "iPhone Developer";
				COPY_PHASE_STRIP = NO;
				DEBUG_INFORMATION_FORMAT = dwarf;
				ENABLE_STRICT_OBJC_MSGSEND = YES;
				ENABLE_TESTABILITY = YES;
				GCC_C_LANGUAGE_STANDARD = gnu99;
				GCC_DYNAMIC_NO_PIC = NO;
				GCC_NO_COMMON_BLOCKS = YES;
				GCC_OPTIMIZATION_LEVEL = 0;
				GCC_PREPROCESSOR_DEFINITIONS = (
					"DEBUG=1",
					"$(inherited)",
				);
				GCC_WARN_64_TO_32_BIT_CONVERSION = YES;
				GCC_WARN_ABOUT_RETURN_TYPE = YES_ERROR;
				GCC_WARN_UNDECLARED_SELECTOR = YES;
				GCC_WARN_UNINITIALIZED_AUTOS = YES_AGGRESSIVE;
				GCC_WARN_UNUSED_FUNCTION = YES;
				GCC_WARN_UNUSED_VARIABLE = YES;
				IPHONEOS_DEPLOYMENT_TARGET = 10.3;
				MTL_ENABLE_DEBUG_INFO = YES;
				ONLY_ACTIVE_ARCH = YES;
				SDKROOT = iphoneos;
				SWIFT_ACTIVE_COMPILATION_CONDITIONS = DEBUG;
				SWIFT_OPTIMIZATION_LEVEL = "-Onone";
				TARGETED_DEVICE_FAMILY = "1,2";
			};
			name = Debug;
		};
		757A47641EC41799004BE2AD /* Release */ = {
			isa = XCBuildConfiguration;
			buildSettings = {
				ALWAYS_SEARCH_USER_PATHS = NO;
				CLANG_ANALYZER_NONNULL = YES;
				CLANG_ANALYZER_NUMBER_OBJECT_CONVERSION = YES_AGGRESSIVE;
				CLANG_CXX_LANGUAGE_STANDARD = "gnu++0x";
				CLANG_CXX_LIBRARY = "libc++";
				CLANG_ENABLE_MODULES = YES;
				CLANG_ENABLE_OBJC_ARC = YES;
				CLANG_WARN_BOOL_CONVERSION = YES;
				CLANG_WARN_CONSTANT_CONVERSION = YES;
				CLANG_WARN_DIRECT_OBJC_ISA_USAGE = YES_ERROR;
				CLANG_WARN_DOCUMENTATION_COMMENTS = YES;
				CLANG_WARN_EMPTY_BODY = YES;
				CLANG_WARN_ENUM_CONVERSION = YES;
				CLANG_WARN_INFINITE_RECURSION = YES;
				CLANG_WARN_INT_CONVERSION = YES;
				CLANG_WARN_OBJC_ROOT_CLASS = YES_ERROR;
				CLANG_WARN_SUSPICIOUS_MOVE = YES;
				CLANG_WARN_UNREACHABLE_CODE = YES;
				CLANG_WARN__DUPLICATE_METHOD_MATCH = YES;
				"CODE_SIGN_IDENTITY[sdk=iphoneos*]" = "iPhone Developer";
				COPY_PHASE_STRIP = NO;
				DEBUG_INFORMATION_FORMAT = "dwarf-with-dsym";
				ENABLE_NS_ASSERTIONS = NO;
				ENABLE_STRICT_OBJC_MSGSEND = YES;
				GCC_C_LANGUAGE_STANDARD = gnu99;
				GCC_NO_COMMON_BLOCKS = YES;
				GCC_WARN_64_TO_32_BIT_CONVERSION = YES;
				GCC_WARN_ABOUT_RETURN_TYPE = YES_ERROR;
				GCC_WARN_UNDECLARED_SELECTOR = YES;
				GCC_WARN_UNINITIALIZED_AUTOS = YES_AGGRESSIVE;
				GCC_WARN_UNUSED_FUNCTION = YES;
				GCC_WARN_UNUSED_VARIABLE = YES;
				IPHONEOS_DEPLOYMENT_TARGET = 10.3;
				MTL_ENABLE_DEBUG_INFO = NO;
				SDKROOT = iphoneos;
				SWIFT_OPTIMIZATION_LEVEL = "-Owholemodule";
				TARGETED_DEVICE_FAMILY = "1,2";
				VALIDATE_PRODUCT = YES;
			};
			name = Release;
		};
		757A47661EC41799004BE2AD /* Debug */ = {
			isa = XCBuildConfiguration;
			buildSettings = {
				ASSETCATALOG_COMPILER_APPICON_NAME = AppIcon;
				INFOPLIST_FILE = DemoPlist_ttb/Info.plist;
				LD_RUNPATH_SEARCH_PATHS = "$(inherited) @executable_path/Frameworks";
				PRODUCT_BUNDLE_IDENTIFIER = "spkt.DemoPlist-ttb";
				PRODUCT_NAME = "$(TARGET_NAME)";
				SWIFT_VERSION = 3.0;
			};
			name = Debug;
		};
		757A47671EC41799004BE2AD /* Release */ = {
			isa = XCBuildConfiguration;
			buildSettings = {
				ASSETCATALOG_COMPILER_APPICON_NAME = AppIcon;
				INFOPLIST_FILE = DemoPlist_ttb/Info.plist;
				LD_RUNPATH_SEARCH_PATHS = "$(inherited) @executable_path/Frameworks";
				PRODUCT_BUNDLE_IDENTIFIER = "spkt.DemoPlist-ttb";
				PRODUCT_NAME = "$(TARGET_NAME)";
				SWIFT_VERSION = 3.0;
			};
			name = Release;
		};
		757A47691EC41799004BE2AD /* Debug */ = {
			isa = XCBuildConfiguration;
			buildSettings = {
				ALWAYS_EMBED_SWIFT_STANDARD_LIBRARIES = YES;
				BUNDLE_LOADER = "$(TEST_HOST)";
				INFOPLIST_FILE = DemoPlist_ttbTests/Info.plist;
				LD_RUNPATH_SEARCH_PATHS = "$(inherited) @executable_path/Frameworks @loader_path/Frameworks";
				PRODUCT_BUNDLE_IDENTIFIER = "spkt.DemoPlist-ttbTests";
				PRODUCT_NAME = "$(TARGET_NAME)";
				SWIFT_VERSION = 3.0;
				TEST_HOST = "$(BUILT_PRODUCTS_DIR)/DemoPlist_ttb.app/DemoPlist_ttb";
			};
			name = Debug;
		};
		757A476A1EC41799004BE2AD /* Release */ = {
			isa = XCBuildConfiguration;
			buildSettings = {
				ALWAYS_EMBED_SWIFT_STANDARD_LIBRARIES = YES;
				BUNDLE_LOADER = "$(TEST_HOST)";
				INFOPLIST_FILE = DemoPlist_ttbTests/Info.plist;
				LD_RUNPATH_SEARCH_PATHS = "$(inherited) @executable_path/Frameworks @loader_path/Frameworks";
				PRODUCT_BUNDLE_IDENTIFIER = "spkt.DemoPlist-ttbTests";
				PRODUCT_NAME = "$(TARGET_NAME)";
				SWIFT_VERSION = 3.0;
				TEST_HOST = "$(BUILT_PRODUCTS_DIR)/DemoPlist_ttb.app/DemoPlist_ttb";
			};
			name = Release;
		};
		757A476C1EC41799004BE2AD /* Debug */ = {
			isa = XCBuildConfiguration;
			buildSettings = {
				ALWAYS_EMBED_SWIFT_STANDARD_LIBRARIES = YES;
				INFOPLIST_FILE = DemoPlist_ttbUITests/Info.plist;
				LD_RUNPATH_SEARCH_PATHS = "$(inherited) @executable_path/Frameworks @loader_path/Frameworks";
				PRODUCT_BUNDLE_IDENTIFIER = "spkt.DemoPlist-ttbUITests";
				PRODUCT_NAME = "$(TARGET_NAME)";
				SWIFT_VERSION = 3.0;
				TEST_TARGET_NAME = DemoPlist_ttb;
			};
			name = Debug;
		};
		757A476D1EC41799004BE2AD /* Release */ = {
			isa = XCBuildConfiguration;
			buildSettings = {
				ALWAYS_EMBED_SWIFT_STANDARD_LIBRARIES = YES;
				INFOPLIST_FILE = DemoPlist_ttbUITests/Info.plist;
				LD_RUNPATH_SEARCH_PATHS = "$(inherited) @executable_path/Frameworks @loader_path/Frameworks";
				PRODUCT_BUNDLE_IDENTIFIER = "spkt.DemoPlist-ttbUITests";
				PRODUCT_NAME = "$(TARGET_NAME)";
				SWIFT_VERSION = 3.0;
				TEST_TARGET_NAME = DemoPlist_ttb;
			};
			name = Release;
		};
/* End XCBuildConfiguration section */

/* Begin XCConfigurationList section */
		757A47381EC41795004BE2AD /* Build configuration list for PBXProject "DemoPlist_ttb" */ = {
			isa = XCConfigurationList;
			buildConfigurations = (
				757A47631EC41799004BE2AD /* Debug */,
				757A47641EC41799004BE2AD /* Release */,
			);
			defaultConfigurationIsVisible = 0;
			defaultConfigurationName = Release;
		};
		757A47651EC41799004BE2AD /* Build configuration list for PBXNativeTarget "DemoPlist_ttb" */ = {
			isa = XCConfigurationList;
			buildConfigurations = (
				757A47661EC41799004BE2AD /* Debug */,
				757A47671EC41799004BE2AD /* Release */,
			);
			defaultConfigurationIsVisible = 0;
		};
		757A47681EC41799004BE2AD /* Build configuration list for PBXNativeTarget "DemoPlist_ttbTests" */ = {
			isa = XCConfigurationList;
			buildConfigurations = (
				757A47691EC41799004BE2AD /* Debug */,
				757A476A1EC41799004BE2AD /* Release */,
			);
			defaultConfigurationIsVisible = 0;
		};
		757A476B1EC41799004BE2AD /* Build configuration list for PBXNativeTarget "DemoPlist_ttbUITests" */ = {
			isa = XCConfigurationList;
			buildConfigurations = (
				757A476C1EC41799004BE2AD /* Debug */,
				757A476D1EC41799004BE2AD /* Release */,
			);
			defaultConfigurationIsVisible = 0;
		};
/* End XCConfigurationList section */
	};
	rootObject = 757A47351EC41794004BE2AD /* Project object */;
}
